// !$*UTF8*$!
{
	archiveVersion = 1;
	classes = {
	};
	objectVersion = 46;
	objects = {

/* Begin PBXBuildFile section */
		337354071D1E1DE400896D31 /* Taskly.swift in Sources */ = {isa = PBXBuildFile; fileRef = 337354061D1E1DE400896D31 /* Taskly.swift */; };
		339CB2DB1D1E095A00894E4C /* AppDelegate.swift in Sources */ = {isa = PBXBuildFile; fileRef = 339CB2DA1D1E095A00894E4C /* AppDelegate.swift */; };
		339CB2E01D1E095A00894E4C /* Main.storyboard in Resources */ = {isa = PBXBuildFile; fileRef = 339CB2DE1D1E095A00894E4C /* Main.storyboard */; };
		339CB2E21D1E095A00894E4C /* Assets.xcassets in Resources */ = {isa = PBXBuildFile; fileRef = 339CB2E11D1E095A00894E4C /* Assets.xcassets */; };
		339CB2E51D1E095A00894E4C /* LaunchScreen.storyboard in Resources */ = {isa = PBXBuildFile; fileRef = 339CB2E31D1E095A00894E4C /* LaunchScreen.storyboard */; };
		339CB2F01D1E095A00894E4C /* TasklyTests.swift in Sources */ = {isa = PBXBuildFile; fileRef = 339CB2EF1D1E095A00894E4C /* TasklyTests.swift */; };
		339CB2FB1D1E095A00894E4C /* TasklyUITests.swift in Sources */ = {isa = PBXBuildFile; fileRef = 339CB2FA1D1E095A00894E4C /* TasklyUITests.swift */; };
		339CB30A1D1E0AD100894E4C /* Realm.framework in Frameworks */ = {isa = PBXBuildFile; fileRef = 339CB3081D1E0AD100894E4C /* Realm.framework */; };
		339CB30B1D1E0AD100894E4C /* Realm.framework in Embed Frameworks */ = {isa = PBXBuildFile; fileRef = 339CB3081D1E0AD100894E4C /* Realm.framework */; settings = {ATTRIBUTES = (CodeSignOnCopy, RemoveHeadersOnCopy, ); }; };
		339CB30C1D1E0AD100894E4C /* RealmSwift.framework in Frameworks */ = {isa = PBXBuildFile; fileRef = 339CB3091D1E0AD100894E4C /* RealmSwift.framework */; };
		339CB30D1D1E0AD100894E4C /* RealmSwift.framework in Embed Frameworks */ = {isa = PBXBuildFile; fileRef = 339CB3091D1E0AD100894E4C /* RealmSwift.framework */; settings = {ATTRIBUTES = (CodeSignOnCopy, RemoveHeadersOnCopy, ); }; };
		33C6905A1D341B40000B86A0 /* RoutineListController.swift in Sources */ = {isa = PBXBuildFile; fileRef = 33C690591D341B40000B86A0 /* RoutineListController.swift */; };
		33DA91F31D6404F3006DE41F /* RoutineDetailTableViewController.swift in Sources */ = {isa = PBXBuildFile; fileRef = 33DA91F21D6404F3006DE41F /* RoutineDetailTableViewController.swift */; };
		33F575101D66266200EFA989 /* RepeatRoutineTableViewController.swift in Sources */ = {isa = PBXBuildFile; fileRef = 33F5750F1D66266200EFA989 /* RepeatRoutineTableViewController.swift */; };
		33F575121D66266D00EFA989 /* RoutineTimeTableViewController.swift in Sources */ = {isa = PBXBuildFile; fileRef = 33F575111D66266D00EFA989 /* RoutineTimeTableViewController.swift */; };
/* End PBXBuildFile section */

/* Begin PBXContainerItemProxy section */
		339CB2EC1D1E095A00894E4C /* PBXContainerItemProxy */ = {
			isa = PBXContainerItemProxy;
			containerPortal = 339CB2CF1D1E095A00894E4C /* Project object */;
			proxyType = 1;
			remoteGlobalIDString = 339CB2D61D1E095A00894E4C;
			remoteInfo = Taskly;
		};
		339CB2F71D1E095A00894E4C /* PBXContainerItemProxy */ = {
			isa = PBXContainerItemProxy;
			containerPortal = 339CB2CF1D1E095A00894E4C /* Project object */;
			proxyType = 1;
			remoteGlobalIDString = 339CB2D61D1E095A00894E4C;
			remoteInfo = Taskly;
		};
/* End PBXContainerItemProxy section */

/* Begin PBXCopyFilesBuildPhase section */
		339CB30E1D1E0AD200894E4C /* Embed Frameworks */ = {
			isa = PBXCopyFilesBuildPhase;
			buildActionMask = 2147483647;
			dstPath = "";
			dstSubfolderSpec = 10;
			files = (
				339CB30D1D1E0AD100894E4C /* RealmSwift.framework in Embed Frameworks */,
				339CB30B1D1E0AD100894E4C /* Realm.framework in Embed Frameworks */,
			);
			name = "Embed Frameworks";
			runOnlyForDeploymentPostprocessing = 0;
		};
/* End PBXCopyFilesBuildPhase section */

/* Begin PBXFileReference section */
		337354061D1E1DE400896D31 /* Taskly.swift */ = {isa = PBXFileReference; fileEncoding = 4; lastKnownFileType = sourcecode.swift; path = Taskly.swift; sourceTree = "<group>"; };
		339CB2D71D1E095A00894E4C /* Taskly.app */ = {isa = PBXFileReference; explicitFileType = wrapper.application; includeInIndex = 0; path = Taskly.app; sourceTree = BUILT_PRODUCTS_DIR; };
		339CB2DA1D1E095A00894E4C /* AppDelegate.swift */ = {isa = PBXFileReference; lastKnownFileType = sourcecode.swift; path = AppDelegate.swift; sourceTree = "<group>"; };
		339CB2DF1D1E095A00894E4C /* Base */ = {isa = PBXFileReference; lastKnownFileType = file.storyboard; name = Base; path = Base.lproj/Main.storyboard; sourceTree = "<group>"; };
		339CB2E11D1E095A00894E4C /* Assets.xcassets */ = {isa = PBXFileReference; lastKnownFileType = folder.assetcatalog; path = Assets.xcassets; sourceTree = "<group>"; };
		339CB2E41D1E095A00894E4C /* Base */ = {isa = PBXFileReference; lastKnownFileType = file.storyboard; name = Base; path = Base.lproj/LaunchScreen.storyboard; sourceTree = "<group>"; };
		339CB2E61D1E095A00894E4C /* Info.plist */ = {isa = PBXFileReference; lastKnownFileType = text.plist.xml; path = Info.plist; sourceTree = "<group>"; };
		339CB2EB1D1E095A00894E4C /* TasklyTests.xctest */ = {isa = PBXFileReference; explicitFileType = wrapper.cfbundle; includeInIndex = 0; path = TasklyTests.xctest; sourceTree = BUILT_PRODUCTS_DIR; };
		339CB2EF1D1E095A00894E4C /* TasklyTests.swift */ = {isa = PBXFileReference; lastKnownFileType = sourcecode.swift; path = TasklyTests.swift; sourceTree = "<group>"; };
		339CB2F11D1E095A00894E4C /* Info.plist */ = {isa = PBXFileReference; lastKnownFileType = text.plist.xml; path = Info.plist; sourceTree = "<group>"; };
		339CB2F61D1E095A00894E4C /* TasklyUITests.xctest */ = {isa = PBXFileReference; explicitFileType = wrapper.cfbundle; includeInIndex = 0; path = TasklyUITests.xctest; sourceTree = BUILT_PRODUCTS_DIR; };
		339CB2FA1D1E095A00894E4C /* TasklyUITests.swift */ = {isa = PBXFileReference; lastKnownFileType = sourcecode.swift; path = TasklyUITests.swift; sourceTree = "<group>"; };
		339CB2FC1D1E095A00894E4C /* Info.plist */ = {isa = PBXFileReference; lastKnownFileType = text.plist.xml; path = Info.plist; sourceTree = "<group>"; };
		339CB3081D1E0AD100894E4C /* Realm.framework */ = {isa = PBXFileReference; lastKnownFileType = wrapper.framework; path = Realm.framework; sourceTree = "<group>"; };
		339CB3091D1E0AD100894E4C /* RealmSwift.framework */ = {isa = PBXFileReference; lastKnownFileType = wrapper.framework; path = RealmSwift.framework; sourceTree = "<group>"; };
		33C690591D341B40000B86A0 /* RoutineListController.swift */ = {isa = PBXFileReference; fileEncoding = 4; lastKnownFileType = sourcecode.swift; path = RoutineListController.swift; sourceTree = "<group>"; };
		33DA91F21D6404F3006DE41F /* RoutineDetailTableViewController.swift */ = {isa = PBXFileReference; fileEncoding = 4; lastKnownFileType = sourcecode.swift; path = RoutineDetailTableViewController.swift; sourceTree = "<group>"; };
		33F5750F1D66266200EFA989 /* RepeatRoutineTableViewController.swift */ = {isa = PBXFileReference; fileEncoding = 4; lastKnownFileType = sourcecode.swift; path = RepeatRoutineTableViewController.swift; sourceTree = "<group>"; };
		33F575111D66266D00EFA989 /* RoutineTimeTableViewController.swift */ = {isa = PBXFileReference; fileEncoding = 4; lastKnownFileType = sourcecode.swift; path = RoutineTimeTableViewController.swift; sourceTree = "<group>"; };
/* End PBXFileReference section */

/* Begin PBXFrameworksBuildPhase section */
		339CB2D41D1E095A00894E4C /* Frameworks */ = {
			isa = PBXFrameworksBuildPhase;
			buildActionMask = 2147483647;
			files = (
				339CB30C1D1E0AD100894E4C /* RealmSwift.framework in Frameworks */,
				339CB30A1D1E0AD100894E4C /* Realm.framework in Frameworks */,
			);
			runOnlyForDeploymentPostprocessing = 0;
		};
		339CB2E81D1E095A00894E4C /* Frameworks */ = {
			isa = PBXFrameworksBuildPhase;
			buildActionMask = 2147483647;
			files = (
			);
			runOnlyForDeploymentPostprocessing = 0;
		};
		339CB2F31D1E095A00894E4C /* Frameworks */ = {
			isa = PBXFrameworksBuildPhase;
			buildActionMask = 2147483647;
			files = (
			);
			runOnlyForDeploymentPostprocessing = 0;
		};
/* End PBXFrameworksBuildPhase section */

/* Begin PBXGroup section */
		339CB2CE1D1E095A00894E4C = {
			isa = PBXGroup;
			children = (
				339CB3081D1E0AD100894E4C /* Realm.framework */,
				339CB3091D1E0AD100894E4C /* RealmSwift.framework */,
				339CB2D91D1E095A00894E4C /* Taskly */,
				339CB2EE1D1E095A00894E4C /* TasklyTests */,
				339CB2F91D1E095A00894E4C /* TasklyUITests */,
				339CB2D81D1E095A00894E4C /* Products */,
			);
			sourceTree = "<group>";
		};
		339CB2D81D1E095A00894E4C /* Products */ = {
			isa = PBXGroup;
			children = (
				339CB2D71D1E095A00894E4C /* Taskly.app */,
				339CB2EB1D1E095A00894E4C /* TasklyTests.xctest */,
				339CB2F61D1E095A00894E4C /* TasklyUITests.xctest */,
			);
			name = Products;
			sourceTree = "<group>";
		};
		339CB2D91D1E095A00894E4C /* Taskly */ = {
			isa = PBXGroup;
			children = (
				339CB2DA1D1E095A00894E4C /* AppDelegate.swift */,
				337354061D1E1DE400896D31 /* Taskly.swift */,
				33C690591D341B40000B86A0 /* RoutineListController.swift */,
				33E45AD91D6D1B2F000D34A1 /* Add/Edit Routine */,
				339CB2DE1D1E095A00894E4C /* Main.storyboard */,
				339CB2E11D1E095A00894E4C /* Assets.xcassets */,
				339CB2E31D1E095A00894E4C /* LaunchScreen.storyboard */,
				339CB2E61D1E095A00894E4C /* Info.plist */,
			);
			path = Taskly;
			sourceTree = "<group>";
		};
		339CB2EE1D1E095A00894E4C /* TasklyTests */ = {
			isa = PBXGroup;
			children = (
				339CB2EF1D1E095A00894E4C /* TasklyTests.swift */,
				339CB2F11D1E095A00894E4C /* Info.plist */,
			);
			path = TasklyTests;
			sourceTree = "<group>";
		};
		339CB2F91D1E095A00894E4C /* TasklyUITests */ = {
			isa = PBXGroup;
			children = (
				339CB2FA1D1E095A00894E4C /* TasklyUITests.swift */,
				339CB2FC1D1E095A00894E4C /* Info.plist */,
			);
			path = TasklyUITests;
			sourceTree = "<group>";
		};
		33E45AD91D6D1B2F000D34A1 /* Add/Edit Routine */ = {
			isa = PBXGroup;
			children = (
				33DA91F21D6404F3006DE41F /* RoutineDetailTableViewController.swift */,
				33F575111D66266D00EFA989 /* RoutineTimeTableViewController.swift */,
				33F5750F1D66266200EFA989 /* RepeatRoutineTableViewController.swift */,
			);
			name = "Add/Edit Routine";
			sourceTree = "<group>";
		};
/* End PBXGroup section */

/* Begin PBXNativeTarget section */
		339CB2D61D1E095A00894E4C /* Taskly */ = {
			isa = PBXNativeTarget;
			buildConfigurationList = 339CB2FF1D1E095A00894E4C /* Build configuration list for PBXNativeTarget "Taskly" */;
			buildPhases = (
				339CB2D31D1E095A00894E4C /* Sources */,
				339CB2D41D1E095A00894E4C /* Frameworks */,
				339CB2D51D1E095A00894E4C /* Resources */,
				339CB30E1D1E0AD200894E4C /* Embed Frameworks */,
				339CB30F1D1E0DD400894E4C /* ShellScript */,
			);
			buildRules = (
			);
			dependencies = (
			);
			name = Taskly;
			productName = Taskly;
			productReference = 339CB2D71D1E095A00894E4C /* Taskly.app */;
			productType = "com.apple.product-type.application";
		};
		339CB2EA1D1E095A00894E4C /* TasklyTests */ = {
			isa = PBXNativeTarget;
			buildConfigurationList = 339CB3021D1E095A00894E4C /* Build configuration list for PBXNativeTarget "TasklyTests" */;
			buildPhases = (
				339CB2E71D1E095A00894E4C /* Sources */,
				339CB2E81D1E095A00894E4C /* Frameworks */,
				339CB2E91D1E095A00894E4C /* Resources */,
			);
			buildRules = (
			);
			dependencies = (
				339CB2ED1D1E095A00894E4C /* PBXTargetDependency */,
			);
			name = TasklyTests;
			productName = TasklyTests;
			productReference = 339CB2EB1D1E095A00894E4C /* TasklyTests.xctest */;
			productType = "com.apple.product-type.bundle.unit-test";
		};
		339CB2F51D1E095A00894E4C /* TasklyUITests */ = {
			isa = PBXNativeTarget;
			buildConfigurationList = 339CB3051D1E095A00894E4C /* Build configuration list for PBXNativeTarget "TasklyUITests" */;
			buildPhases = (
				339CB2F21D1E095A00894E4C /* Sources */,
				339CB2F31D1E095A00894E4C /* Frameworks */,
				339CB2F41D1E095A00894E4C /* Resources */,
			);
			buildRules = (
			);
			dependencies = (
				339CB2F81D1E095A00894E4C /* PBXTargetDependency */,
			);
			name = TasklyUITests;
			productName = TasklyUITests;
			productReference = 339CB2F61D1E095A00894E4C /* TasklyUITests.xctest */;
			productType = "com.apple.product-type.bundle.ui-testing";
		};
/* End PBXNativeTarget section */

/* Begin PBXProject section */
		339CB2CF1D1E095A00894E4C /* Project object */ = {
			isa = PBXProject;
			attributes = {
				LastSwiftUpdateCheck = 0730;
				LastUpgradeCheck = 0730;
				ORGANIZATIONNAME = "Rodrigo Chousal";
				TargetAttributes = {
					339CB2D61D1E095A00894E4C = {
						CreatedOnToolsVersion = 7.3.1;
						DevelopmentTeam = HSZTC8Z4L4;
					};
					339CB2EA1D1E095A00894E4C = {
						CreatedOnToolsVersion = 7.3.1;
						TestTargetID = 339CB2D61D1E095A00894E4C;
					};
					339CB2F51D1E095A00894E4C = {
						CreatedOnToolsVersion = 7.3.1;
						TestTargetID = 339CB2D61D1E095A00894E4C;
					};
				};
			};
			buildConfigurationList = 339CB2D21D1E095A00894E4C /* Build configuration list for PBXProject "Taskly" */;
			compatibilityVersion = "Xcode 3.2";
			developmentRegion = English;
			hasScannedForEncodings = 0;
			knownRegions = (
				en,
				Base,
			);
			mainGroup = 339CB2CE1D1E095A00894E4C;
			productRefGroup = 339CB2D81D1E095A00894E4C /* Products */;
			projectDirPath = "";
			projectRoot = "";
			targets = (
				339CB2D61D1E095A00894E4C /* Taskly */,
				339CB2EA1D1E095A00894E4C /* TasklyTests */,
				339CB2F51D1E095A00894E4C /* TasklyUITests */,
			);
		};
/* End PBXProject section */

/* Begin PBXResourcesBuildPhase section */
		339CB2D51D1E095A00894E4C /* Resources */ = {
			isa = PBXResourcesBuildPhase;
			buildActionMask = 2147483647;
			files = (
				339CB2E51D1E095A00894E4C /* LaunchScreen.storyboard in Resources */,
				339CB2E21D1E095A00894E4C /* Assets.xcassets in Resources */,
				339CB2E01D1E095A00894E4C /* Main.storyboard in Resources */,
			);
			runOnlyForDeploymentPostprocessing = 0;
		};
		339CB2E91D1E095A00894E4C /* Resources */ = {
			isa = PBXResourcesBuildPhase;
			buildActionMask = 2147483647;
			files = (
			);
			runOnlyForDeploymentPostprocessing = 0;
		};
		339CB2F41D1E095A00894E4C /* Resources */ = {
			isa = PBXResourcesBuildPhase;
			buildActionMask = 2147483647;
			files = (
			);
			runOnlyForDeploymentPostprocessing = 0;
		};
/* End PBXResourcesBuildPhase section */

/* Begin PBXShellScriptBuildPhase section */
		339CB30F1D1E0DD400894E4C /* ShellScript */ = {
			isa = PBXShellScriptBuildPhase;
			buildActionMask = 2147483647;
			files = (
			);
			inputPaths = (
			);
			outputPaths = (
			);
			runOnlyForDeploymentPostprocessing = 0;
			shellPath = /bin/sh;
			shellScript = "bash \"${BUILT_PRODUCTS_DIR}/${FRAMEWORKS_FOLDER_PATH}/Realm.framework/strip-frameworks.sh\"";
		};
/* End PBXShellScriptBuildPhase section */

/* Begin PBXSourcesBuildPhase section */
		339CB2D31D1E095A00894E4C /* Sources */ = {
			isa = PBXSourcesBuildPhase;
			buildActionMask = 2147483647;
			files = (
				33F575101D66266200EFA989 /* RepeatRoutineTableViewController.swift in Sources */,
				33C6905A1D341B40000B86A0 /* RoutineListController.swift in Sources */,
				33DA91F31D6404F3006DE41F /* RoutineDetailTableViewController.swift in Sources */,
				33F575121D66266D00EFA989 /* RoutineTimeTableViewController.swift in Sources */,
				337354071D1E1DE400896D31 /* Taskly.swift in Sources */,
				339CB2DB1D1E095A00894E4C /* AppDelegate.swift in Sources */,
			);
			runOnlyForDeploymentPostprocessing = 0;
		};
		339CB2E71D1E095A00894E4C /* Sources */ = {
			isa = PBXSourcesBuildPhase;
			buildActionMask = 2147483647;
			files = (
				339CB2F01D1E095A00894E4C /* TasklyTests.swift in Sources */,
			);
			runOnlyForDeploymentPostprocessing = 0;
		};
		339CB2F21D1E095A00894E4C /* Sources */ = {
			isa = PBXSourcesBuildPhase;
			buildActionMask = 2147483647;
			files = (
				339CB2FB1D1E095A00894E4C /* TasklyUITests.swift in Sources */,
			);
			runOnlyForDeploymentPostprocessing = 0;
		};
/* End PBXSourcesBuildPhase section */

/* Begin PBXTargetDependency section */
		339CB2ED1D1E095A00894E4C /* PBXTargetDependency */ = {
			isa = PBXTargetDependency;
			target = 339CB2D61D1E095A00894E4C /* Taskly */;
			targetProxy = 339CB2EC1D1E095A00894E4C /* PBXContainerItemProxy */;
		};
		339CB2F81D1E095A00894E4C /* PBXTargetDependency */ = {
			isa = PBXTargetDependency;
			target = 339CB2D61D1E095A00894E4C /* Taskly */;
			targetProxy = 339CB2F71D1E095A00894E4C /* PBXContainerItemProxy */;
		};
/* End PBXTargetDependency section */

/* Begin PBXVariantGroup section */
		339CB2DE1D1E095A00894E4C /* Main.storyboard */ = {
			isa = PBXVariantGroup;
			children = (
				339CB2DF1D1E095A00894E4C /* Base */,
			);
			name = Main.storyboard;
			sourceTree = "<group>";
		};
		339CB2E31D1E095A00894E4C /* LaunchScreen.storyboard */ = {
			isa = PBXVariantGroup;
			children = (
				339CB2E41D1E095A00894E4C /* Base */,
			);
			name = LaunchScreen.storyboard;
			sourceTree = "<group>";
		};
/* End PBXVariantGroup section */

/* Begin XCBuildConfiguration section */
		339CB2FD1D1E095A00894E4C /* Debug */ = {
			isa = XCBuildConfiguration;
			buildSettings = {
				ALWAYS_SEARCH_USER_PATHS = NO;
				CLANG_ANALYZER_NONNULL = YES;
				CLANG_CXX_LANGUAGE_STANDARD = "gnu++0x";
				CLANG_CXX_LIBRARY = "libc++";
				CLANG_ENABLE_MODULES = YES;
				CLANG_ENABLE_OBJC_ARC = YES;
				CLANG_WARN_BOOL_CONVERSION = YES;
				CLANG_WARN_CONSTANT_CONVERSION = YES;
				CLANG_WARN_DIRECT_OBJC_ISA_USAGE = YES_ERROR;
				CLANG_WARN_EMPTY_BODY = YES;
				CLANG_WARN_ENUM_CONVERSION = YES;
				CLANG_WARN_INT_CONVERSION = YES;
				CLANG_WARN_OBJC_ROOT_CLASS = YES_ERROR;
				CLANG_WARN_UNREACHABLE_CODE = YES;
				CLANG_WARN__DUPLICATE_METHOD_MATCH = YES;
				"CODE_SIGN_IDENTITY[sdk=iphoneos*]" = "iPhone Developer";
				COPY_PHASE_STRIP = NO;
				DEBUG_INFORMATION_FORMAT = dwarf;
				ENABLE_STRICT_OBJC_MSGSEND = YES;
				ENABLE_TESTABILITY = YES;
				GCC_C_LANGUAGE_STANDARD = gnu99;
				GCC_DYNAMIC_NO_PIC = NO;
				GCC_NO_COMMON_BLOCKS = YES;
				GCC_OPTIMIZATION_LEVEL = 0;
				GCC_PREPROCESSOR_DEFINITIONS = (
					"DEBUG=1",
					"$(inherited)",
				);
				GCC_WARN_64_TO_32_BIT_CONVERSION = YES;
				GCC_WARN_ABOUT_RETURN_TYPE = YES_ERROR;
				GCC_WARN_UNDECLARED_SELECTOR = YES;
				GCC_WARN_UNINITIALIZED_AUTOS = YES_AGGRESSIVE;
				GCC_WARN_UNUSED_FUNCTION = YES;
				GCC_WARN_UNUSED_VARIABLE = YES;
				IPHONEOS_DEPLOYMENT_TARGET = 9.3;
				MTL_ENABLE_DEBUG_INFO = YES;
				ONLY_ACTIVE_ARCH = YES;
				SDKROOT = iphoneos;
				SWIFT_OPTIMIZATION_LEVEL = "-Onone";
			};
			name = Debug;
		};
		339CB2FE1D1E095A00894E4C /* Release */ = {
			isa = XCBuildConfiguration;
			buildSettings = {
				ALWAYS_SEARCH_USER_PATHS = NO;
				CLANG_ANALYZER_NONNULL = YES;
				CLANG_CXX_LANGUAGE_STANDARD = "gnu++0x";
				CLANG_CXX_LIBRARY = "libc++";
				CLANG_ENABLE_MODULES = YES;
				CLANG_ENABLE_OBJC_ARC = YES;
				CLANG_WARN_BOOL_CONVERSION = YES;
				CLANG_WARN_CONSTANT_CONVERSION = YES;
				CLANG_WARN_DIRECT_OBJC_ISA_USAGE = YES_ERROR;
				CLANG_WARN_EMPTY_BODY = YES;
				CLANG_WARN_ENUM_CONVERSION = YES;
				CLANG_WARN_INT_CONVERSION = YES;
				CLANG_WARN_OBJC_ROOT_CLASS = YES_ERROR;
				CLANG_WARN_UNREACHABLE_CODE = YES;
				CLANG_WARN__DUPLICATE_METHOD_MATCH = YES;
				"CODE_SIGN_IDENTITY[sdk=iphoneos*]" = "iPhone Developer";
				COPY_PHASE_STRIP = NO;
				DEBUG_INFORMATION_FORMAT = "dwarf-with-dsym";
				ENABLE_NS_ASSERTIONS = NO;
				ENABLE_STRICT_OBJC_MSGSEND = YES;
				GCC_C_LANGUAGE_STANDARD = gnu99;
				GCC_NO_COMMON_BLOCKS = YES;
				GCC_WARN_64_TO_32_BIT_CONVERSION = YES;
				GCC_WARN_ABOUT_RETURN_TYPE = YES_ERROR;
				GCC_WARN_UNDECLARED_SELECTOR = YES;
				GCC_WARN_UNINITIALIZED_AUTOS = YES_AGGRESSIVE;
				GCC_WARN_UNUSED_FUNCTION = YES;
				GCC_WARN_UNUSED_VARIABLE = YES;
				IPHONEOS_DEPLOYMENT_TARGET = 9.3;
				MTL_ENABLE_DEBUG_INFO = NO;
				SDKROOT = iphoneos;
				VALIDATE_PRODUCT = YES;
			};
			name = Release;
		};
		339CB3001D1E095A00894E4C /* Debug */ = {
			isa = XCBuildConfiguration;
			buildSettings = {
				ASSETCATALOG_COMPILER_APPICON_NAME = AppIcon;
				CODE_SIGN_IDENTITY = "iPhone Developer";
				FRAMEWORK_SEARCH_PATHS = (
					"$(inherited)",
					"$(PROJECT_DIR)",
				);
				INFOPLIST_FILE = Taskly/Info.plist;
				LD_RUNPATH_SEARCH_PATHS = "$(inherited) @executable_path/Frameworks";
				PRODUCT_BUNDLE_IDENTIFIER = rodrigochousal.Taskly;
				PRODUCT_NAME = "$(TARGET_NAME)";
				TARGETED_DEVICE_FAMILY = 1;
			};
			name = Debug;
		};
		339CB3011D1E095A00894E4C /* Release */ = {
			isa = XCBuildConfiguration;
			buildSettings = {
				ASSETCATALOG_COMPILER_APPICON_NAME = AppIcon;
				CODE_SIGN_IDENTITY = "iPhone Developer";
				FRAMEWORK_SEARCH_PATHS = (
					"$(inherited)",
					"$(PROJECT_DIR)",
				);
				INFOPLIST_FILE = Taskly/Info.plist;
				LD_RUNPATH_SEARCH_PATHS = "$(inherited) @executable_path/Frameworks";
				PRODUCT_BUNDLE_IDENTIFIER = rodrigochousal.Taskly;
				PRODUCT_NAME = "$(TARGET_NAME)";
				TARGETED_DEVICE_FAMILY = 1;
			};
			name = Release;
		};
		339CB3031D1E095A00894E4C /* Debug */ = {
			isa = XCBuildConfiguration;
			buildSettings = {
				BUNDLE_LOADER = "$(TEST_HOST)";
				FRAMEWORK_SEARCH_PATHS = "$(PROJECT_DIR)";
				INFOPLIST_FILE = TasklyTests/Info.plist;
				LD_RUNPATH_SEARCH_PATHS = "$(inherited) @executable_path/Frameworks @loader_path/Frameworks";
				PRODUCT_BUNDLE_IDENTIFIER = rodrigochousal.TasklyTests;
				PRODUCT_NAME = "$(TARGET_NAME)";
				TEST_HOST = "$(BUILT_PRODUCTS_DIR)/Taskly.app/Taskly";
			};
			name = Debug;
		};
		339CB3041D1E095A00894E4C /* Release */ = {
			isa = XCBuildConfiguration;
			buildSettings = {
				BUNDLE_LOADER = "$(TEST_HOST)";
				FRAMEWORK_SEARCH_PATHS = "$(PROJECT_DIR)";
				INFOPLIST_FILE = TasklyTests/Info.plist;
				LD_RUNPATH_SEARCH_PATHS = "$(inherited) @executable_path/Frameworks @loader_path/Frameworks";
				PRODUCT_BUNDLE_IDENTIFIER = rodrigochousal.TasklyTests;
				PRODUCT_NAME = "$(TARGET_NAME)";
				TEST_HOST = "$(BUILT_PRODUCTS_DIR)/Taskly.app/Taskly";
			};
			name = Release;
		};
		339CB3061D1E095A00894E4C /* Debug */ = {
			isa = XCBuildConfiguration;
			buildSettings = {
				INFOPLIST_FILE = TasklyUITests/Info.plist;
				LD_RUNPATH_SEARCH_PATHS = "$(inherited) @executable_path/Frameworks @loader_path/Frameworks";
				PRODUCT_BUNDLE_IDENTIFIER = rodrigochousal.TasklyUITests;
				PRODUCT_NAME = "$(TARGET_NAME)";
				TEST_TARGET_NAME = Taskly;
			};
			name = Debug;
		};
		339CB3071D1E095A00894E4C /* Release */ = {
			isa = XCBuildConfiguration;
			buildSettings = {
				INFOPLIST_FILE = TasklyUITests/Info.plist;
				LD_RUNPATH_SEARCH_PATHS = "$(inherited) @executable_path/Frameworks @loader_path/Frameworks";
				PRODUCT_BUNDLE_IDENTIFIER = rodrigochousal.TasklyUITests;
				PRODUCT_NAME = "$(TARGET_NAME)";
				TEST_TARGET_NAME = Taskly;
			};
			name = Release;
		};
/* End XCBuildConfiguration section */

/* Begin XCConfigurationList section */
		339CB2D21D1E095A00894E4C /* Build configuration list for PBXProject "Taskly" */ = {
			isa = XCConfigurationList;
			buildConfigurations = (
				339CB2FD1D1E095A00894E4C /* Debug */,
				339CB2FE1D1E095A00894E4C /* Release */,
			);
			defaultConfigurationIsVisible = 0;
			defaultConfigurationName = Release;
		};
		339CB2FF1D1E095A00894E4C /* Build configuration list for PBXNativeTarget "Taskly" */ = {
			isa = XCConfigurationList;
			buildConfigurations = (
				339CB3001D1E095A00894E4C /* Debug */,
				339CB3011D1E095A00894E4C /* Release */,
			);
			defaultConfigurationIsVisible = 0;
			defaultConfigurationName = Release;
		};
		339CB3021D1E095A00894E4C /* Build configuration list for PBXNativeTarget "TasklyTests" */ = {
			isa = XCConfigurationList;
			buildConfigurations = (
				339CB3031D1E095A00894E4C /* Debug */,
				339CB3041D1E095A00894E4C /* Release */,
			);
			defaultConfigurationIsVisible = 0;
			defaultConfigurationName = Release;
		};
		339CB3051D1E095A00894E4C /* Build configuration list for PBXNativeTarget "TasklyUITests" */ = {
			isa = XCConfigurationList;
			buildConfigurations = (
				339CB3061D1E095A00894E4C /* Debug */,
				339CB3071D1E095A00894E4C /* Release */,
			);
			defaultConfigurationIsVisible = 0;
			defaultConfigurationName = Release;
		};
/* End XCConfigurationList section */
	};
	rootObject = 339CB2CF1D1E095A00894E4C /* Project object */;
}
