// !$*UTF8*$!
{
	archiveVersion = 1;
	classes = {
	};
	objectVersion = 46;
	objects = {

/* Begin PBXBuildFile section */
		3309D3451D766B9C0051CE16 /* TaskListController.swift in Sources */ = {isa = PBXBuildFile; fileRef = 3309D3441D766B9C0051CE16 /* TaskListController.swift */; };
		336B0E9A1D7704D100631455 /* TaskDetailTableViewController.swift in Sources */ = {isa = PBXBuildFile; fileRef = 336B0E991D7704D100631455 /* TaskDetailTableViewController.swift */; };
		337354071D1E1DE400896D31 /* TasklyModel.swift in Sources */ = {isa = PBXBuildFile; fileRef = 337354061D1E1DE400896D31 /* TasklyModel.swift */; };
		339CB2DB1D1E095A00894E4C /* AppDelegate.swift in Sources */ = {isa = PBXBuildFile; fileRef = 339CB2DA1D1E095A00894E4C /* AppDelegate.swift */; };
		339CB2E01D1E095A00894E4C /* Main.storyboard in Resources */ = {isa = PBXBuildFile; fileRef = 339CB2DE1D1E095A00894E4C /* Main.storyboard */; };
		339CB2E21D1E095A00894E4C /* Assets.xcassets in Resources */ = {isa = PBXBuildFile; fileRef = 339CB2E11D1E095A00894E4C /* Assets.xcassets */; };
		339CB2E51D1E095A00894E4C /* LaunchScreen.storyboard in Resources */ = {isa = PBXBuildFile; fileRef = 339CB2E31D1E095A00894E4C /* LaunchScreen.storyboard */; };
		33A7F5D21DE22FD7003AFA6A /* UIImage+blur.swift in Sources */ = {isa = PBXBuildFile; fileRef = 33A7F5D11DE22FD7003AFA6A /* UIImage+blur.swift */; };
		33AC0E361D85C82B007B3E15 /* ActiveRoutineViewController.swift in Sources */ = {isa = PBXBuildFile; fileRef = 33AC0E351D85C82B007B3E15 /* ActiveRoutineViewController.swift */; };
		33C6905A1D341B40000B86A0 /* RoutineListController.swift in Sources */ = {isa = PBXBuildFile; fileRef = 33C690591D341B40000B86A0 /* RoutineListController.swift */; };
		33DA91F31D6404F3006DE41F /* RoutineDetailTableViewController.swift in Sources */ = {isa = PBXBuildFile; fileRef = 33DA91F21D6404F3006DE41F /* RoutineDetailTableViewController.swift */; };
		33F575101D66266200EFA989 /* RepeatRoutineTableViewController.swift in Sources */ = {isa = PBXBuildFile; fileRef = 33F5750F1D66266200EFA989 /* RepeatRoutineTableViewController.swift */; };
		33F575121D66266D00EFA989 /* RoutineTimeTableViewController.swift in Sources */ = {isa = PBXBuildFile; fileRef = 33F575111D66266D00EFA989 /* RoutineTimeTableViewController.swift */; };
		CD6721DA90F32EFB2C5E9037 /* Pods_Taskly.framework in Frameworks */ = {isa = PBXBuildFile; fileRef = F24F456854DA6E4CA57814DF /* Pods_Taskly.framework */; };
/* End PBXBuildFile section */

/* Begin PBXCopyFilesBuildPhase section */
		33193FD71D92DEE800FC0C20 /* Embed Frameworks */ = {
			isa = PBXCopyFilesBuildPhase;
			buildActionMask = 2147483647;
			dstPath = "";
			dstSubfolderSpec = 10;
			files = (
			);
			name = "Embed Frameworks";
			runOnlyForDeploymentPostprocessing = 0;
		};
/* End PBXCopyFilesBuildPhase section */

/* Begin PBXFileReference section */
		3309D3441D766B9C0051CE16 /* TaskListController.swift */ = {isa = PBXFileReference; fileEncoding = 4; lastKnownFileType = sourcecode.swift; path = TaskListController.swift; sourceTree = "<group>"; };
		3337381C1D92DC5B003DDA77 /* Realm.framework */ = {isa = PBXFileReference; lastKnownFileType = wrapper.framework; name = Realm.framework; path = "Pods/../build/Debug-iphoneos/Realm/Realm.framework"; sourceTree = "<group>"; };
		3337381D1D92DC5B003DDA77 /* RealmSwift.framework */ = {isa = PBXFileReference; lastKnownFileType = wrapper.framework; name = RealmSwift.framework; path = "Pods/../build/Debug-iphoneos/RealmSwift/RealmSwift.framework"; sourceTree = "<group>"; };
		336B0E991D7704D100631455 /* TaskDetailTableViewController.swift */ = {isa = PBXFileReference; fileEncoding = 4; lastKnownFileType = sourcecode.swift; path = TaskDetailTableViewController.swift; sourceTree = "<group>"; };
		337354061D1E1DE400896D31 /* TasklyModel.swift */ = {isa = PBXFileReference; fileEncoding = 4; lastKnownFileType = sourcecode.swift; path = TasklyModel.swift; sourceTree = "<group>"; };
		337958181D92C4330088B061 /* Realm.framework */ = {isa = PBXFileReference; lastKnownFileType = wrapper.framework; name = Realm.framework; path = "../../Library/Developer/Xcode/DerivedData/Taskly-baargubgirtvyzaawapcsiibpuri/Build/Products/Debug-iphoneos/Realm/Realm.framework"; sourceTree = "<group>"; };
		337958191D92C4330088B061 /* RealmSwift.framework */ = {isa = PBXFileReference; lastKnownFileType = wrapper.framework; name = RealmSwift.framework; path = "../../Library/Developer/Xcode/DerivedData/Taskly-baargubgirtvyzaawapcsiibpuri/Build/Products/Debug-iphoneos/RealmSwift/RealmSwift.framework"; sourceTree = "<group>"; };
		339CB2D71D1E095A00894E4C /* Taskly.app */ = {isa = PBXFileReference; explicitFileType = wrapper.application; includeInIndex = 0; path = Taskly.app; sourceTree = BUILT_PRODUCTS_DIR; };
		339CB2DA1D1E095A00894E4C /* AppDelegate.swift */ = {isa = PBXFileReference; lastKnownFileType = sourcecode.swift; path = AppDelegate.swift; sourceTree = "<group>"; };
		339CB2DF1D1E095A00894E4C /* Base */ = {isa = PBXFileReference; lastKnownFileType = file.storyboard; name = Base; path = Base.lproj/Main.storyboard; sourceTree = "<group>"; };
		339CB2E11D1E095A00894E4C /* Assets.xcassets */ = {isa = PBXFileReference; lastKnownFileType = folder.assetcatalog; path = Assets.xcassets; sourceTree = "<group>"; };
		339CB2E41D1E095A00894E4C /* Base */ = {isa = PBXFileReference; lastKnownFileType = file.storyboard; name = Base; path = Base.lproj/LaunchScreen.storyboard; sourceTree = "<group>"; };
		339CB2E61D1E095A00894E4C /* Info.plist */ = {isa = PBXFileReference; lastKnownFileType = text.plist.xml; path = Info.plist; sourceTree = "<group>"; };
		33A7F5D11DE22FD7003AFA6A /* UIImage+blur.swift */ = {isa = PBXFileReference; fileEncoding = 4; lastKnownFileType = sourcecode.swift; path = "UIImage+blur.swift"; sourceTree = "<group>"; };
		33AC0E351D85C82B007B3E15 /* ActiveRoutineViewController.swift */ = {isa = PBXFileReference; fileEncoding = 4; lastKnownFileType = sourcecode.swift; path = ActiveRoutineViewController.swift; sourceTree = "<group>"; };
		33C690591D341B40000B86A0 /* RoutineListController.swift */ = {isa = PBXFileReference; fileEncoding = 4; lastKnownFileType = sourcecode.swift; path = RoutineListController.swift; sourceTree = "<group>"; };
		33DA91F21D6404F3006DE41F /* RoutineDetailTableViewController.swift */ = {isa = PBXFileReference; fileEncoding = 4; lastKnownFileType = sourcecode.swift; path = RoutineDetailTableViewController.swift; sourceTree = "<group>"; };
		33F5750F1D66266200EFA989 /* RepeatRoutineTableViewController.swift */ = {isa = PBXFileReference; fileEncoding = 4; lastKnownFileType = sourcecode.swift; path = RepeatRoutineTableViewController.swift; sourceTree = "<group>"; };
		33F575111D66266D00EFA989 /* RoutineTimeTableViewController.swift */ = {isa = PBXFileReference; fileEncoding = 4; lastKnownFileType = sourcecode.swift; path = RoutineTimeTableViewController.swift; sourceTree = "<group>"; };
		397B4611909FBB9256FAFB92 /* Pods-Taskly.release.xcconfig */ = {isa = PBXFileReference; includeInIndex = 1; lastKnownFileType = text.xcconfig; name = "Pods-Taskly.release.xcconfig"; path = "Pods/Target Support Files/Pods-Taskly/Pods-Taskly.release.xcconfig"; sourceTree = "<group>"; };
		7D2F23844CD9EB21F2041934 /* Pods-Taskly.debug.xcconfig */ = {isa = PBXFileReference; includeInIndex = 1; lastKnownFileType = text.xcconfig; name = "Pods-Taskly.debug.xcconfig"; path = "Pods/Target Support Files/Pods-Taskly/Pods-Taskly.debug.xcconfig"; sourceTree = "<group>"; };
		F24F456854DA6E4CA57814DF /* Pods_Taskly.framework */ = {isa = PBXFileReference; explicitFileType = wrapper.framework; includeInIndex = 0; path = Pods_Taskly.framework; sourceTree = BUILT_PRODUCTS_DIR; };
/* End PBXFileReference section */

/* Begin PBXFrameworksBuildPhase section */
		339CB2D41D1E095A00894E4C /* Frameworks */ = {
			isa = PBXFrameworksBuildPhase;
			buildActionMask = 2147483647;
			files = (
				CD6721DA90F32EFB2C5E9037 /* Pods_Taskly.framework in Frameworks */,
			);
			runOnlyForDeploymentPostprocessing = 0;
		};
/* End PBXFrameworksBuildPhase section */

/* Begin PBXGroup section */
		339CB2CE1D1E095A00894E4C = {
			isa = PBXGroup;
			children = (
				339CB2D91D1E095A00894E4C /* Taskly */,
				339CB2D81D1E095A00894E4C /* Products */,
				F39933C8971563688963898C /* Frameworks */,
				3E5C5BF7ECC6DECBE9756BFE /* Pods */,
			);
			sourceTree = "<group>";
		};
		339CB2D81D1E095A00894E4C /* Products */ = {
			isa = PBXGroup;
			children = (
				339CB2D71D1E095A00894E4C /* Taskly.app */,
			);
			name = Products;
			sourceTree = "<group>";
		};
		339CB2D91D1E095A00894E4C /* Taskly */ = {
			isa = PBXGroup;
			children = (
				339CB2DA1D1E095A00894E4C /* AppDelegate.swift */,
				337354061D1E1DE400896D31 /* TasklyModel.swift */,
				33C690591D341B40000B86A0 /* RoutineListController.swift */,
				33E45AD91D6D1B2F000D34A1 /* Add/Edit Routine */,
				3309D3441D766B9C0051CE16 /* TaskListController.swift */,
				336B0E991D7704D100631455 /* TaskDetailTableViewController.swift */,
				33AC0E351D85C82B007B3E15 /* ActiveRoutineViewController.swift */,
				33A277E81DDCB7C20001FAF4 /* Extensions */,
				339CB2DE1D1E095A00894E4C /* Main.storyboard */,
				339CB2E11D1E095A00894E4C /* Assets.xcassets */,
				339CB2E31D1E095A00894E4C /* LaunchScreen.storyboard */,
				339CB2E61D1E095A00894E4C /* Info.plist */,
			);
			path = Taskly;
			sourceTree = "<group>";
		};
		33A277E81DDCB7C20001FAF4 /* Extensions */ = {
			isa = PBXGroup;
			children = (
				33A7F5D11DE22FD7003AFA6A /* UIImage+blur.swift */,
			);
			name = Extensions;
			sourceTree = "<group>";
		};
		33E45AD91D6D1B2F000D34A1 /* Add/Edit Routine */ = {
			isa = PBXGroup;
			children = (
				33DA91F21D6404F3006DE41F /* RoutineDetailTableViewController.swift */,
				33F575111D66266D00EFA989 /* RoutineTimeTableViewController.swift */,
				33F5750F1D66266200EFA989 /* RepeatRoutineTableViewController.swift */,
			);
			name = "Add/Edit Routine";
			sourceTree = "<group>";
		};
		3E5C5BF7ECC6DECBE9756BFE /* Pods */ = {
			isa = PBXGroup;
			children = (
				7D2F23844CD9EB21F2041934 /* Pods-Taskly.debug.xcconfig */,
				397B4611909FBB9256FAFB92 /* Pods-Taskly.release.xcconfig */,
			);
			name = Pods;
			sourceTree = "<group>";
		};
		F39933C8971563688963898C /* Frameworks */ = {
			isa = PBXGroup;
			children = (
				3337381C1D92DC5B003DDA77 /* Realm.framework */,
				3337381D1D92DC5B003DDA77 /* RealmSwift.framework */,
				337958181D92C4330088B061 /* Realm.framework */,
				337958191D92C4330088B061 /* RealmSwift.framework */,
				F24F456854DA6E4CA57814DF /* Pods_Taskly.framework */,
			);
			name = Frameworks;
			sourceTree = "<group>";
		};
/* End PBXGroup section */

/* Begin PBXNativeTarget section */
		339CB2D61D1E095A00894E4C /* Taskly */ = {
			isa = PBXNativeTarget;
			buildConfigurationList = 339CB2FF1D1E095A00894E4C /* Build configuration list for PBXNativeTarget "Taskly" */;
			buildPhases = (
				1D648FDBE745A74AE75CEAB5 /* 📦 Check Pods Manifest.lock */,
				30F38B4513E3F50E90DBD788 /* [CP] Check Pods Manifest.lock */,
				339CB2D31D1E095A00894E4C /* Sources */,
				339CB2D41D1E095A00894E4C /* Frameworks */,
				339CB2D51D1E095A00894E4C /* Resources */,
				A6EF2B609CC38B10031CC8E1 /* [CP] Embed Pods Frameworks */,
				300A3B6907953B38615F3EAC /* [CP] Copy Pods Resources */,
				33193FD71D92DEE800FC0C20 /* Embed Frameworks */,
				339CB30F1D1E0DD400894E4C /* ShellScript */,
				AD866D11228A1871B66FBF28 /* 📦 Embed Pods Frameworks */,
				721AEE207B13FD56C56316FE /* 📦 Copy Pods Resources */,
			);
			buildRules = (
			);
			dependencies = (
			);
			name = Taskly;
			productName = Taskly;
			productReference = 339CB2D71D1E095A00894E4C /* Taskly.app */;
			productType = "com.apple.product-type.application";
		};
/* End PBXNativeTarget section */

/* Begin PBXProject section */
		339CB2CF1D1E095A00894E4C /* Project object */ = {
			isa = PBXProject;
			attributes = {
				LastSwiftUpdateCheck = 0730;
				LastUpgradeCheck = 0820;
				ORGANIZATIONNAME = "Rodrigo Chousal";
				TargetAttributes = {
					339CB2D61D1E095A00894E4C = {
						CreatedOnToolsVersion = 7.3.1;
						DevelopmentTeam = HSZTC8Z4L4;
						LastSwiftMigration = 0800;
					};
				};
			};
			buildConfigurationList = 339CB2D21D1E095A00894E4C /* Build configuration list for PBXProject "Taskly" */;
			compatibilityVersion = "Xcode 3.2";
			developmentRegion = English;
			hasScannedForEncodings = 0;
			knownRegions = (
				en,
				Base,
			);
			mainGroup = 339CB2CE1D1E095A00894E4C;
			productRefGroup = 339CB2D81D1E095A00894E4C /* Products */;
			projectDirPath = "";
			projectRoot = "";
			targets = (
				339CB2D61D1E095A00894E4C /* Taskly */,
			);
		};
/* End PBXProject section */

/* Begin PBXResourcesBuildPhase section */
		339CB2D51D1E095A00894E4C /* Resources */ = {
			isa = PBXResourcesBuildPhase;
			buildActionMask = 2147483647;
			files = (
				339CB2E51D1E095A00894E4C /* LaunchScreen.storyboard in Resources */,
				339CB2E21D1E095A00894E4C /* Assets.xcassets in Resources */,
				339CB2E01D1E095A00894E4C /* Main.storyboard in Resources */,
			);
			runOnlyForDeploymentPostprocessing = 0;
		};
/* End PBXResourcesBuildPhase section */

/* Begin PBXShellScriptBuildPhase section */
		1D648FDBE745A74AE75CEAB5 /* 📦 Check Pods Manifest.lock */ = {
			isa = PBXShellScriptBuildPhase;
			buildActionMask = 2147483647;
			files = (
			);
			inputPaths = (
			);
			name = "📦 Check Pods Manifest.lock";
			outputPaths = (
			);
			runOnlyForDeploymentPostprocessing = 0;
			shellPath = /bin/sh;
			shellScript = "diff \"${PODS_ROOT}/../Podfile.lock\" \"${PODS_ROOT}/Manifest.lock\" > /dev/null\nif [[ $? != 0 ]] ; then\n    cat << EOM\nerror: The sandbox is not in sync with the Podfile.lock. Run 'pod install' or update your CocoaPods installation.\nEOM\n    exit 1\nfi\n";
			showEnvVarsInLog = 0;
		};
		300A3B6907953B38615F3EAC /* [CP] Copy Pods Resources */ = {
			isa = PBXShellScriptBuildPhase;
			buildActionMask = 2147483647;
			files = (
			);
			inputPaths = (
			);
			name = "[CP] Copy Pods Resources";
			outputPaths = (
			);
			runOnlyForDeploymentPostprocessing = 0;
			shellPath = /bin/sh;
			shellScript = "\"${SRCROOT}/Pods/Target Support Files/Pods-Taskly/Pods-Taskly-resources.sh\"\n";
			showEnvVarsInLog = 0;
		};
		30F38B4513E3F50E90DBD788 /* [CP] Check Pods Manifest.lock */ = {
			isa = PBXShellScriptBuildPhase;
			buildActionMask = 2147483647;
			files = (
			);
			inputPaths = (
			);
			name = "[CP] Check Pods Manifest.lock";
			outputPaths = (
			);
			runOnlyForDeploymentPostprocessing = 0;
			shellPath = /bin/sh;
			shellScript = "diff \"${PODS_ROOT}/../Podfile.lock\" \"${PODS_ROOT}/Manifest.lock\" > /dev/null\nif [[ $? != 0 ]] ; then\n    cat << EOM\nerror: The sandbox is not in sync with the Podfile.lock. Run 'pod install' or update your CocoaPods installation.\nEOM\n    exit 1\nfi\n";
			showEnvVarsInLog = 0;
		};
		339CB30F1D1E0DD400894E4C /* ShellScript */ = {
			isa = PBXShellScriptBuildPhase;
			buildActionMask = 2147483647;
			files = (
			);
			inputPaths = (
			);
			outputPaths = (
			);
			runOnlyForDeploymentPostprocessing = 0;
			shellPath = /bin/sh;
			shellScript = "";
		};
		721AEE207B13FD56C56316FE /* 📦 Copy Pods Resources */ = {
			isa = PBXShellScriptBuildPhase;
			buildActionMask = 2147483647;
			files = (
			);
			inputPaths = (
			);
			name = "📦 Copy Pods Resources";
			outputPaths = (
			);
			runOnlyForDeploymentPostprocessing = 0;
			shellPath = /bin/sh;
			shellScript = "\"${SRCROOT}/Pods/Target Support Files/Pods-Taskly/Pods-Taskly-resources.sh\"\n";
			showEnvVarsInLog = 0;
		};
		A6EF2B609CC38B10031CC8E1 /* [CP] Embed Pods Frameworks */ = {
			isa = PBXShellScriptBuildPhase;
			buildActionMask = 2147483647;
			files = (
			);
			inputPaths = (
			);
			name = "[CP] Embed Pods Frameworks";
			outputPaths = (
			);
			runOnlyForDeploymentPostprocessing = 0;
			shellPath = /bin/sh;
			shellScript = "\"${SRCROOT}/Pods/Target Support Files/Pods-Taskly/Pods-Taskly-frameworks.sh\"\n";
			showEnvVarsInLog = 0;
		};
		AD866D11228A1871B66FBF28 /* 📦 Embed Pods Frameworks */ = {
			isa = PBXShellScriptBuildPhase;
			buildActionMask = 2147483647;
			files = (
			);
			inputPaths = (
			);
			name = "📦 Embed Pods Frameworks";
			outputPaths = (
			);
			runOnlyForDeploymentPostprocessing = 0;
			shellPath = /bin/sh;
			shellScript = "\"${SRCROOT}/Pods/Target Support Files/Pods-Taskly/Pods-Taskly-frameworks.sh\"\n";
			showEnvVarsInLog = 0;
		};
/* End PBXShellScriptBuildPhase section */

/* Begin PBXSourcesBuildPhase section */
		339CB2D31D1E095A00894E4C /* Sources */ = {
			isa = PBXSourcesBuildPhase;
			buildActionMask = 2147483647;
			files = (
				33AC0E361D85C82B007B3E15 /* ActiveRoutineViewController.swift in Sources */,
				33F575101D66266200EFA989 /* RepeatRoutineTableViewController.swift in Sources */,
				33A7F5D21DE22FD7003AFA6A /* UIImage+blur.swift in Sources */,
				3309D3451D766B9C0051CE16 /* TaskListController.swift in Sources */,
				33C6905A1D341B40000B86A0 /* RoutineListController.swift in Sources */,
				336B0E9A1D7704D100631455 /* TaskDetailTableViewController.swift in Sources */,
				33DA91F31D6404F3006DE41F /* RoutineDetailTableViewController.swift in Sources */,
				33F575121D66266D00EFA989 /* RoutineTimeTableViewController.swift in Sources */,
				337354071D1E1DE400896D31 /* TasklyModel.swift in Sources */,
				339CB2DB1D1E095A00894E4C /* AppDelegate.swift in Sources */,
			);
			runOnlyForDeploymentPostprocessing = 0;
		};
/* End PBXSourcesBuildPhase section */

/* Begin PBXVariantGroup section */
		339CB2DE1D1E095A00894E4C /* Main.storyboard */ = {
			isa = PBXVariantGroup;
			children = (
				339CB2DF1D1E095A00894E4C /* Base */,
			);
			name = Main.storyboard;
			sourceTree = "<group>";
		};
		339CB2E31D1E095A00894E4C /* LaunchScreen.storyboard */ = {
			isa = PBXVariantGroup;
			children = (
				339CB2E41D1E095A00894E4C /* Base */,
			);
			name = LaunchScreen.storyboard;
			sourceTree = "<group>";
		};
/* End PBXVariantGroup section */

/* Begin XCBuildConfiguration section */
		339CB2FD1D1E095A00894E4C /* Debug */ = {
			isa = XCBuildConfiguration;
			buildSettings = {
				ALWAYS_SEARCH_USER_PATHS = NO;
				CLANG_ANALYZER_NONNULL = YES;
				CLANG_CXX_LANGUAGE_STANDARD = "gnu++0x";
				CLANG_CXX_LIBRARY = "libc++";
				CLANG_ENABLE_MODULES = YES;
				CLANG_ENABLE_OBJC_ARC = YES;
				CLANG_WARN_BOOL_CONVERSION = YES;
				CLANG_WARN_CONSTANT_CONVERSION = YES;
				CLANG_WARN_DIRECT_OBJC_ISA_USAGE = YES_ERROR;
				CLANG_WARN_EMPTY_BODY = YES;
				CLANG_WARN_ENUM_CONVERSION = YES;
				CLANG_WARN_INFINITE_RECURSION = YES;
				CLANG_WARN_INT_CONVERSION = YES;
				CLANG_WARN_OBJC_ROOT_CLASS = YES_ERROR;
				CLANG_WARN_SUSPICIOUS_MOVE = YES;
				CLANG_WARN_UNREACHABLE_CODE = YES;
				CLANG_WARN__DUPLICATE_METHOD_MATCH = YES;
				"CODE_SIGN_IDENTITY[sdk=iphoneos*]" = "iPhone Developer";
				COPY_PHASE_STRIP = NO;
				DEBUG_INFORMATION_FORMAT = dwarf;
				ENABLE_BITCODE = YES;
				ENABLE_STRICT_OBJC_MSGSEND = YES;
				ENABLE_TESTABILITY = YES;
				GCC_C_LANGUAGE_STANDARD = gnu99;
				GCC_DYNAMIC_NO_PIC = NO;
				GCC_NO_COMMON_BLOCKS = YES;
				GCC_OPTIMIZATION_LEVEL = 0;
				GCC_PREPROCESSOR_DEFINITIONS = (
					"DEBUG=1",
					"$(inherited)",
				);
				GCC_WARN_64_TO_32_BIT_CONVERSION = YES;
				GCC_WARN_ABOUT_RETURN_TYPE = YES_ERROR;
				GCC_WARN_UNDECLARED_SELECTOR = YES;
				GCC_WARN_UNINITIALIZED_AUTOS = YES_AGGRESSIVE;
				GCC_WARN_UNUSED_FUNCTION = YES;
				GCC_WARN_UNUSED_VARIABLE = YES;
				IPHONEOS_DEPLOYMENT_TARGET = 9.3;
				MTL_ENABLE_DEBUG_INFO = YES;
				ONLY_ACTIVE_ARCH = YES;
				SDKROOT = iphoneos;
				SWIFT_OPTIMIZATION_LEVEL = "-Onone";
			};
			name = Debug;
		};
		339CB2FE1D1E095A00894E4C /* Release */ = {
			isa = XCBuildConfiguration;
			buildSettings = {
				ALWAYS_SEARCH_USER_PATHS = NO;
				CLANG_ANALYZER_NONNULL = YES;
				CLANG_CXX_LANGUAGE_STANDARD = "gnu++0x";
				CLANG_CXX_LIBRARY = "libc++";
				CLANG_ENABLE_MODULES = YES;
				CLANG_ENABLE_OBJC_ARC = YES;
				CLANG_WARN_BOOL_CONVERSION = YES;
				CLANG_WARN_CONSTANT_CONVERSION = YES;
				CLANG_WARN_DIRECT_OBJC_ISA_USAGE = YES_ERROR;
				CLANG_WARN_EMPTY_BODY = YES;
				CLANG_WARN_ENUM_CONVERSION = YES;
				CLANG_WARN_INFINITE_RECURSION = YES;
				CLANG_WARN_INT_CONVERSION = YES;
				CLANG_WARN_OBJC_ROOT_CLASS = YES_ERROR;
				CLANG_WARN_SUSPICIOUS_MOVE = YES;
				CLANG_WARN_UNREACHABLE_CODE = YES;
				CLANG_WARN__DUPLICATE_METHOD_MATCH = YES;
				"CODE_SIGN_IDENTITY[sdk=iphoneos*]" = "iPhone Developer";
				COPY_PHASE_STRIP = NO;
				DEBUG_INFORMATION_FORMAT = "dwarf-with-dsym";
				ENABLE_BITCODE = YES;
				ENABLE_NS_ASSERTIONS = NO;
				ENABLE_STRICT_OBJC_MSGSEND = YES;
				GCC_C_LANGUAGE_STANDARD = gnu99;
				GCC_NO_COMMON_BLOCKS = YES;
				GCC_WARN_64_TO_32_BIT_CONVERSION = YES;
				GCC_WARN_ABOUT_RETURN_TYPE = YES_ERROR;
				GCC_WARN_UNDECLARED_SELECTOR = YES;
				GCC_WARN_UNINITIALIZED_AUTOS = YES_AGGRESSIVE;
				GCC_WARN_UNUSED_FUNCTION = YES;
				GCC_WARN_UNUSED_VARIABLE = YES;
				IPHONEOS_DEPLOYMENT_TARGET = 9.3;
				MTL_ENABLE_DEBUG_INFO = NO;
				SDKROOT = iphoneos;
				SWIFT_OPTIMIZATION_LEVEL = "-Owholemodule";
				VALIDATE_PRODUCT = YES;
			};
			name = Release;
		};
		339CB3001D1E095A00894E4C /* Debug */ = {
			isa = XCBuildConfiguration;
			baseConfigurationReference = 7D2F23844CD9EB21F2041934 /* Pods-Taskly.debug.xcconfig */;
			buildSettings = {
				ALWAYS_EMBED_SWIFT_STANDARD_LIBRARIES = YES;
				ASSETCATALOG_COMPILER_APPICON_NAME = AppIcon;
				CODE_SIGN_IDENTITY = "iPhone Developer";
				FRAMEWORK_SEARCH_PATHS = "$(inherited)";
				INFOPLIST_FILE = Taskly/Info.plist;
				IPHONEOS_DEPLOYMENT_TARGET = 9.3;
				LD_RUNPATH_SEARCH_PATHS = "$(inherited) @executable_path/Frameworks";
				OTHER_CFLAGS = "$(inherited)";
				OTHER_LDFLAGS = "$(inherited)";
				PRODUCT_BUNDLE_IDENTIFIER = rodrigochousal.Taskly;
				PRODUCT_NAME = "$(TARGET_NAME)";
				SWIFT_VERSION = 3.0;
				TARGETED_DEVICE_FAMILY = 1;
			};
			name = Debug;
		};
		339CB3011D1E095A00894E4C /* Release */ = {
			isa = XCBuildConfiguration;
			baseConfigurationReference = 397B4611909FBB9256FAFB92 /* Pods-Taskly.release.xcconfig */;
			buildSettings = {
				ALWAYS_EMBED_SWIFT_STANDARD_LIBRARIES = YES;
				ASSETCATALOG_COMPILER_APPICON_NAME = AppIcon;
				CODE_SIGN_IDENTITY = "iPhone Developer";
				FRAMEWORK_SEARCH_PATHS = "$(inherited)";
				INFOPLIST_FILE = Taskly/Info.plist;
				IPHONEOS_DEPLOYMENT_TARGET = 9.3;
				LD_RUNPATH_SEARCH_PATHS = "$(inherited) @executable_path/Frameworks";
				OTHER_CFLAGS = "$(inherited)";
				OTHER_LDFLAGS = "$(inherited)";
				PRODUCT_BUNDLE_IDENTIFIER = rodrigochousal.Taskly;
				PRODUCT_NAME = "$(TARGET_NAME)";
				SWIFT_VERSION = 3.0;
				TARGETED_DEVICE_FAMILY = 1;
			};
			name = Release;
		};
/* End XCBuildConfiguration section */

/* Begin XCConfigurationList section */
		339CB2D21D1E095A00894E4C /* Build configuration list for PBXProject "Taskly" */ = {
			isa = XCConfigurationList;
			buildConfigurations = (
				339CB2FD1D1E095A00894E4C /* Debug */,
				339CB2FE1D1E095A00894E4C /* Release */,
			);
			defaultConfigurationIsVisible = 0;
			defaultConfigurationName = Release;
		};
		339CB2FF1D1E095A00894E4C /* Build configuration list for PBXNativeTarget "Taskly" */ = {
			isa = XCConfigurationList;
			buildConfigurations = (
				339CB3001D1E095A00894E4C /* Debug */,
				339CB3011D1E095A00894E4C /* Release */,
			);
			defaultConfigurationIsVisible = 0;
			defaultConfigurationName = Release;
		};
/* End XCConfigurationList section */
	};
	rootObject = 339CB2CF1D1E095A00894E4C /* Project object */;
}
